
Microsoft Visual Studio Solution File, Format Version 12.00
# Visual Studio 15
VisualStudioVersion = 15.0.28307.572
MinimumVisualStudioVersion = 10.0.40219.1
Project("{FAE04EC0-301F-11D3-BF4B-00C04F79EFBC}") = "AppBuscadorRutas.Android", "AppBuscadorRutas\AppBuscadorRutas.Android\AppBuscadorRutas.Android.csproj", "{CFCAAEA7-2DA3-47BD-8B11-19A5CEC5596F}"
EndProject
Project("{FAE04EC0-301F-11D3-BF4B-00C04F79EFBC}") = "AppBuscadorRutas.iOS", "AppBuscadorRutas\AppBuscadorRutas.iOS\AppBuscadorRutas.iOS.csproj", "{60CF1B1E-204D-44D7-8D17-2791195B1EB1}"
EndProject
Project("{FAE04EC0-301F-11D3-BF4B-00C04F79EFBC}") = "AppBuscadorRutas.UWP", "AppBuscadorRutas\AppBuscadorRutas.UWP\AppBuscadorRutas.UWP.csproj", "{EFFE808A-94D3-47F0-8ED4-46DBFFD3D616}"
EndProject
Project("{9A19103F-16F7-4668-BE54-9A1E7A4F7556}") = "AppBuscadorRutas", "AppBuscadorRutas\AppBuscadorRutas\AppBuscadorRutas.csproj", "{F14374AC-31DA-41C8-AC9D-FDA289A61AAA}"
EndProject
Global
	GlobalSection(SolutionConfigurationPlatforms) = preSolution
		Ad-Hoc|Any CPU = Ad-Hoc|Any CPU
		Ad-Hoc|ARM = Ad-Hoc|ARM
		Ad-Hoc|iPhone = Ad-Hoc|iPhone
		Ad-Hoc|iPhoneSimulator = Ad-Hoc|iPhoneSimulator
		Ad-Hoc|x64 = Ad-Hoc|x64
		Ad-Hoc|x86 = Ad-Hoc|x86
		AppStore|Any CPU = AppStore|Any CPU
		AppStore|ARM = AppStore|ARM
		AppStore|iPhone = AppStore|iPhone
		AppStore|iPhoneSimulator = AppStore|iPhoneSimulator
		AppStore|x64 = AppStore|x64
		AppStore|x86 = AppStore|x86
		Debug|Any CPU = Debug|Any CPU
		Debug|ARM = Debug|ARM
		Debug|iPhone = Debug|iPhone
		Debug|iPhoneSimulator = Debug|iPhoneSimulator
		Debug|x64 = Debug|x64
		Debug|x86 = Debug|x86
		Release|Any CPU = Release|Any CPU
		Release|ARM = Release|ARM
		Release|iPhone = Release|iPhone
		Release|iPhoneSimulator = Release|iPhoneSimulator
		Release|x64 = Release|x64
		Release|x86 = Release|x86
	EndGlobalSection
	GlobalSection(ProjectConfigurationPlatforms) = postSolution
		{CFCAAEA7-2DA3-47BD-8B11-19A5CEC5596F}.Ad-Hoc|Any CPU.ActiveCfg = Release|Any CPU
		{CFCAAEA7-2DA3-47BD-8B11-19A5CEC5596F}.Ad-Hoc|Any CPU.Build.0 = Release|Any CPU
		{CFCAAEA7-2DA3-47BD-8B11-19A5CEC5596F}.Ad-Hoc|Any CPU.Deploy.0 = Release|Any CPU
		{CFCAAEA7-2DA3-47BD-8B11-19A5CEC5596F}.Ad-Hoc|ARM.ActiveCfg = Release|Any CPU
		{CFCAAEA7-2DA3-47BD-8B11-19A5CEC5596F}.Ad-Hoc|ARM.Build.0 = Release|Any CPU
		{CFCAAEA7-2DA3-47BD-8B11-19A5CEC5596F}.Ad-Hoc|ARM.Deploy.0 = Release|Any CPU
		{CFCAAEA7-2DA3-47BD-8B11-19A5CEC5596F}.Ad-Hoc|iPhone.ActiveCfg = Release|Any CPU
		{CFCAAEA7-2DA3-47BD-8B11-19A5CEC5596F}.Ad-Hoc|iPhone.Build.0 = Release|Any CPU
		{CFCAAEA7-2DA3-47BD-8B11-19A5CEC5596F}.Ad-Hoc|iPhone.Deploy.0 = Release|Any CPU
		{CFCAAEA7-2DA3-47BD-8B11-19A5CEC5596F}.Ad-Hoc|iPhoneSimulator.ActiveCfg = Release|Any CPU
		{CFCAAEA7-2DA3-47BD-8B11-19A5CEC5596F}.Ad-Hoc|iPhoneSimulator.Build.0 = Release|Any CPU
		{CFCAAEA7-2DA3-47BD-8B11-19A5CEC5596F}.Ad-Hoc|iPhoneSimulator.Deploy.0 = Release|Any CPU
		{CFCAAEA7-2DA3-47BD-8B11-19A5CEC5596F}.Ad-Hoc|x64.ActiveCfg = Release|Any CPU
		{CFCAAEA7-2DA3-47BD-8B11-19A5CEC5596F}.Ad-Hoc|x64.Build.0 = Release|Any CPU
		{CFCAAEA7-2DA3-47BD-8B11-19A5CEC5596F}.Ad-Hoc|x64.Deploy.0 = Release|Any CPU
		{CFCAAEA7-2DA3-47BD-8B11-19A5CEC5596F}.Ad-Hoc|x86.ActiveCfg = Release|Any CPU
		{CFCAAEA7-2DA3-47BD-8B11-19A5CEC5596F}.Ad-Hoc|x86.Build.0 = Release|Any CPU
		{CFCAAEA7-2DA3-47BD-8B11-19A5CEC5596F}.Ad-Hoc|x86.Deploy.0 = Release|Any CPU
		{CFCAAEA7-2DA3-47BD-8B11-19A5CEC5596F}.AppStore|Any CPU.ActiveCfg = Release|Any CPU
		{CFCAAEA7-2DA3-47BD-8B11-19A5CEC5596F}.AppStore|Any CPU.Build.0 = Release|Any CPU
		{CFCAAEA7-2DA3-47BD-8B11-19A5CEC5596F}.AppStore|Any CPU.Deploy.0 = Release|Any CPU
		{CFCAAEA7-2DA3-47BD-8B11-19A5CEC5596F}.AppStore|ARM.ActiveCfg = Release|Any CPU
		{CFCAAEA7-2DA3-47BD-8B11-19A5CEC5596F}.AppStore|ARM.Build.0 = Release|Any CPU
		{CFCAAEA7-2DA3-47BD-8B11-19A5CEC5596F}.AppStore|ARM.Deploy.0 = Release|Any CPU
		{CFCAAEA7-2DA3-47BD-8B11-19A5CEC5596F}.AppStore|iPhone.ActiveCfg = Release|Any CPU
		{CFCAAEA7-2DA3-47BD-8B11-19A5CEC5596F}.AppStore|iPhone.Build.0 = Release|Any CPU
		{CFCAAEA7-2DA3-47BD-8B11-19A5CEC5596F}.AppStore|iPhone.Deploy.0 = Release|Any CPU
		{CFCAAEA7-2DA3-47BD-8B11-19A5CEC5596F}.AppStore|iPhoneSimulator.ActiveCfg = Release|Any CPU
		{CFCAAEA7-2DA3-47BD-8B11-19A5CEC5596F}.AppStore|iPhoneSimulator.Build.0 = Release|Any CPU
		{CFCAAEA7-2DA3-47BD-8B11-19A5CEC5596F}.AppStore|iPhoneSimulator.Deploy.0 = Release|Any CPU
		{CFCAAEA7-2DA3-47BD-8B11-19A5CEC5596F}.AppStore|x64.ActiveCfg = Release|Any CPU
		{CFCAAEA7-2DA3-47BD-8B11-19A5CEC5596F}.AppStore|x64.Build.0 = Release|Any CPU
		{CFCAAEA7-2DA3-47BD-8B11-19A5CEC5596F}.AppStore|x64.Deploy.0 = Release|Any CPU
		{CFCAAEA7-2DA3-47BD-8B11-19A5CEC5596F}.AppStore|x86.ActiveCfg = Release|Any CPU
		{CFCAAEA7-2DA3-47BD-8B11-19A5CEC5596F}.AppStore|x86.Build.0 = Release|Any CPU
		{CFCAAEA7-2DA3-47BD-8B11-19A5CEC5596F}.AppStore|x86.Deploy.0 = Release|Any CPU
		{CFCAAEA7-2DA3-47BD-8B11-19A5CEC5596F}.Debug|Any CPU.ActiveCfg = Debug|Any CPU
		{CFCAAEA7-2DA3-47BD-8B11-19A5CEC5596F}.Debug|Any CPU.Build.0 = Debug|Any CPU
		{CFCAAEA7-2DA3-47BD-8B11-19A5CEC5596F}.Debug|Any CPU.Deploy.0 = Debug|Any CPU
		{CFCAAEA7-2DA3-47BD-8B11-19A5CEC5596F}.Debug|ARM.ActiveCfg = Debug|Any CPU
		{CFCAAEA7-2DA3-47BD-8B11-19A5CEC5596F}.Debug|ARM.Build.0 = Debug|Any CPU
		{CFCAAEA7-2DA3-47BD-8B11-19A5CEC5596F}.Debug|ARM.Deploy.0 = Debug|Any CPU
		{CFCAAEA7-2DA3-47BD-8B11-19A5CEC5596F}.Debug|iPhone.ActiveCfg = Debug|Any CPU
		{CFCAAEA7-2DA3-47BD-8B11-19A5CEC5596F}.Debug|iPhone.Build.0 = Debug|Any CPU
		{CFCAAEA7-2DA3-47BD-8B11-19A5CEC5596F}.Debug|iPhone.Deploy.0 = Debug|Any CPU
		{CFCAAEA7-2DA3-47BD-8B11-19A5CEC5596F}.Debug|iPhoneSimulator.ActiveCfg = Debug|Any CPU
		{CFCAAEA7-2DA3-47BD-8B11-19A5CEC5596F}.Debug|iPhoneSimulator.Build.0 = Debug|Any CPU
		{CFCAAEA7-2DA3-47BD-8B11-19A5CEC5596F}.Debug|iPhoneSimulator.Deploy.0 = Debug|Any CPU
		{CFCAAEA7-2DA3-47BD-8B11-19A5CEC5596F}.Debug|x64.ActiveCfg = Debug|Any CPU
		{CFCAAEA7-2DA3-47BD-8B11-19A5CEC5596F}.Debug|x64.Build.0 = Debug|Any CPU
		{CFCAAEA7-2DA3-47BD-8B11-19A5CEC5596F}.Debug|x64.Deploy.0 = Debug|Any CPU
		{CFCAAEA7-2DA3-47BD-8B11-19A5CEC5596F}.Debug|x86.ActiveCfg = Debug|Any CPU
		{CFCAAEA7-2DA3-47BD-8B11-19A5CEC5596F}.Debug|x86.Build.0 = Debug|Any CPU
		{CFCAAEA7-2DA3-47BD-8B11-19A5CEC5596F}.Debug|x86.Deploy.0 = Debug|Any CPU
		{CFCAAEA7-2DA3-47BD-8B11-19A5CEC5596F}.Release|Any CPU.ActiveCfg = Release|Any CPU
		{CFCAAEA7-2DA3-47BD-8B11-19A5CEC5596F}.Release|Any CPU.Build.0 = Release|Any CPU
		{CFCAAEA7-2DA3-47BD-8B11-19A5CEC5596F}.Release|Any CPU.Deploy.0 = Release|Any CPU
		{CFCAAEA7-2DA3-47BD-8B11-19A5CEC5596F}.Release|ARM.ActiveCfg = Release|Any CPU
		{CFCAAEA7-2DA3-47BD-8B11-19A5CEC5596F}.Release|ARM.Build.0 = Release|Any CPU
		{CFCAAEA7-2DA3-47BD-8B11-19A5CEC5596F}.Release|ARM.Deploy.0 = Release|Any CPU
		{CFCAAEA7-2DA3-47BD-8B11-19A5CEC5596F}.Release|iPhone.ActiveCfg = Release|Any CPU
		{CFCAAEA7-2DA3-47BD-8B11-19A5CEC5596F}.Release|iPhone.Build.0 = Release|Any CPU
		{CFCAAEA7-2DA3-47BD-8B11-19A5CEC5596F}.Release|iPhone.Deploy.0 = Release|Any CPU
		{CFCAAEA7-2DA3-47BD-8B11-19A5CEC5596F}.Release|iPhoneSimulator.ActiveCfg = Release|Any CPU
		{CFCAAEA7-2DA3-47BD-8B11-19A5CEC5596F}.Release|iPhoneSimulator.Build.0 = Release|Any CPU
		{CFCAAEA7-2DA3-47BD-8B11-19A5CEC5596F}.Release|iPhoneSimulator.Deploy.0 = Release|Any CPU
		{CFCAAEA7-2DA3-47BD-8B11-19A5CEC5596F}.Release|x64.ActiveCfg = Release|Any CPU
		{CFCAAEA7-2DA3-47BD-8B11-19A5CEC5596F}.Release|x64.Build.0 = Release|Any CPU
		{CFCAAEA7-2DA3-47BD-8B11-19A5CEC5596F}.Release|x64.Deploy.0 = Release|Any CPU
		{CFCAAEA7-2DA3-47BD-8B11-19A5CEC5596F}.Release|x86.ActiveCfg = Release|Any CPU
		{CFCAAEA7-2DA3-47BD-8B11-19A5CEC5596F}.Release|x86.Build.0 = Release|Any CPU
		{CFCAAEA7-2DA3-47BD-8B11-19A5CEC5596F}.Release|x86.Deploy.0 = Release|Any CPU
		{60CF1B1E-204D-44D7-8D17-2791195B1EB1}.Ad-Hoc|Any CPU.ActiveCfg = Ad-Hoc|iPhone
		{60CF1B1E-204D-44D7-8D17-2791195B1EB1}.Ad-Hoc|Any CPU.Build.0 = Ad-Hoc|iPhone
		{60CF1B1E-204D-44D7-8D17-2791195B1EB1}.Ad-Hoc|Any CPU.Deploy.0 = Ad-Hoc|iPhone
		{60CF1B1E-204D-44D7-8D17-2791195B1EB1}.Ad-Hoc|ARM.ActiveCfg = Ad-Hoc|iPhone
		{60CF1B1E-204D-44D7-8D17-2791195B1EB1}.Ad-Hoc|ARM.Build.0 = Ad-Hoc|iPhone
		{60CF1B1E-204D-44D7-8D17-2791195B1EB1}.Ad-Hoc|ARM.Deploy.0 = Ad-Hoc|iPhone
		{60CF1B1E-204D-44D7-8D17-2791195B1EB1}.Ad-Hoc|iPhone.ActiveCfg = Ad-Hoc|iPhone
		{60CF1B1E-204D-44D7-8D17-2791195B1EB1}.Ad-Hoc|iPhone.Build.0 = Ad-Hoc|iPhone
		{60CF1B1E-204D-44D7-8D17-2791195B1EB1}.Ad-Hoc|iPhone.Deploy.0 = Ad-Hoc|iPhone
		{60CF1B1E-204D-44D7-8D17-2791195B1EB1}.Ad-Hoc|iPhoneSimulator.ActiveCfg = Ad-Hoc|iPhoneSimulator
		{60CF1B1E-204D-44D7-8D17-2791195B1EB1}.Ad-Hoc|iPhoneSimulator.Build.0 = Ad-Hoc|iPhoneSimulator
		{60CF1B1E-204D-44D7-8D17-2791195B1EB1}.Ad-Hoc|iPhoneSimulator.Deploy.0 = Ad-Hoc|iPhoneSimulator
		{60CF1B1E-204D-44D7-8D17-2791195B1EB1}.Ad-Hoc|x64.ActiveCfg = Ad-Hoc|iPhone
		{60CF1B1E-204D-44D7-8D17-2791195B1EB1}.Ad-Hoc|x64.Build.0 = Ad-Hoc|iPhone
		{60CF1B1E-204D-44D7-8D17-2791195B1EB1}.Ad-Hoc|x64.Deploy.0 = Ad-Hoc|iPhone
		{60CF1B1E-204D-44D7-8D17-2791195B1EB1}.Ad-Hoc|x86.ActiveCfg = Ad-Hoc|iPhone
		{60CF1B1E-204D-44D7-8D17-2791195B1EB1}.Ad-Hoc|x86.Build.0 = Ad-Hoc|iPhone
		{60CF1B1E-204D-44D7-8D17-2791195B1EB1}.Ad-Hoc|x86.Deploy.0 = Ad-Hoc|iPhone
		{60CF1B1E-204D-44D7-8D17-2791195B1EB1}.AppStore|Any CPU.ActiveCfg = AppStore|iPhone
		{60CF1B1E-204D-44D7-8D17-2791195B1EB1}.AppStore|Any CPU.Build.0 = AppStore|iPhone
		{60CF1B1E-204D-44D7-8D17-2791195B1EB1}.AppStore|Any CPU.Deploy.0 = AppStore|iPhone
		{60CF1B1E-204D-44D7-8D17-2791195B1EB1}.AppStore|ARM.ActiveCfg = AppStore|iPhone
		{60CF1B1E-204D-44D7-8D17-2791195B1EB1}.AppStore|ARM.Build.0 = AppStore|iPhone
		{60CF1B1E-204D-44D7-8D17-2791195B1EB1}.AppStore|ARM.Deploy.0 = AppStore|iPhone
		{60CF1B1E-204D-44D7-8D17-2791195B1EB1}.AppStore|iPhone.ActiveCfg = AppStore|iPhone
		{60CF1B1E-204D-44D7-8D17-2791195B1EB1}.AppStore|iPhone.Build.0 = AppStore|iPhone
		{60CF1B1E-204D-44D7-8D17-2791195B1EB1}.AppStore|iPhone.Deploy.0 = AppStore|iPhone
		{60CF1B1E-204D-44D7-8D17-2791195B1EB1}.AppStore|iPhoneSimulator.ActiveCfg = AppStore|iPhoneSimulator
		{60CF1B1E-204D-44D7-8D17-2791195B1EB1}.AppStore|iPhoneSimulator.Build.0 = AppStore|iPhoneSimulator
		{60CF1B1E-204D-44D7-8D17-2791195B1EB1}.AppStore|iPhoneSimulator.Deploy.0 = AppStore|iPhoneSimulator
		{60CF1B1E-204D-44D7-8D17-2791195B1EB1}.AppStore|x64.ActiveCfg = AppStore|iPhone
		{60CF1B1E-204D-44D7-8D17-2791195B1EB1}.AppStore|x64.Build.0 = AppStore|iPhone
		{60CF1B1E-204D-44D7-8D17-2791195B1EB1}.AppStore|x64.Deploy.0 = AppStore|iPhone
		{60CF1B1E-204D-44D7-8D17-2791195B1EB1}.AppStore|x86.ActiveCfg = AppStore|iPhone
		{60CF1B1E-204D-44D7-8D17-2791195B1EB1}.AppStore|x86.Build.0 = AppStore|iPhone
		{60CF1B1E-204D-44D7-8D17-2791195B1EB1}.AppStore|x86.Deploy.0 = AppStore|iPhone
		{60CF1B1E-204D-44D7-8D17-2791195B1EB1}.Debug|Any CPU.ActiveCfg = Debug|iPhoneSimulator
		{60CF1B1E-204D-44D7-8D17-2791195B1EB1}.Debug|Any CPU.Build.0 = Debug|iPhoneSimulator
		{60CF1B1E-204D-44D7-8D17-2791195B1EB1}.Debug|Any CPU.Deploy.0 = Debug|iPhoneSimulator
		{60CF1B1E-204D-44D7-8D17-2791195B1EB1}.Debug|ARM.ActiveCfg = Debug|iPhone
		{60CF1B1E-204D-44D7-8D17-2791195B1EB1}.Debug|ARM.Build.0 = Debug|iPhone
		{60CF1B1E-204D-44D7-8D17-2791195B1EB1}.Debug|ARM.Deploy.0 = Debug|iPhone
		{60CF1B1E-204D-44D7-8D17-2791195B1EB1}.Debug|iPhone.ActiveCfg = Debug|iPhone
		{60CF1B1E-204D-44D7-8D17-2791195B1EB1}.Debug|iPhone.Build.0 = Debug|iPhone
		{60CF1B1E-204D-44D7-8D17-2791195B1EB1}.Debug|iPhone.Deploy.0 = Debug|iPhone
		{60CF1B1E-204D-44D7-8D17-2791195B1EB1}.Debug|iPhoneSimulator.ActiveCfg = Debug|iPhoneSimulator
		{60CF1B1E-204D-44D7-8D17-2791195B1EB1}.Debug|iPhoneSimulator.Build.0 = Debug|iPhoneSimulator
		{60CF1B1E-204D-44D7-8D17-2791195B1EB1}.Debug|iPhoneSimulator.Deploy.0 = Debug|iPhoneSimulator
		{60CF1B1E-204D-44D7-8D17-2791195B1EB1}.Debug|x64.ActiveCfg = Debug|iPhone
		{60CF1B1E-204D-44D7-8D17-2791195B1EB1}.Debug|x64.Build.0 = Debug|iPhone
		{60CF1B1E-204D-44D7-8D17-2791195B1EB1}.Debug|x64.Deploy.0 = Debug|iPhone
		{60CF1B1E-204D-44D7-8D17-2791195B1EB1}.Debug|x86.ActiveCfg = Debug|iPhone
		{60CF1B1E-204D-44D7-8D17-2791195B1EB1}.Debug|x86.Build.0 = Debug|iPhone
		{60CF1B1E-204D-44D7-8D17-2791195B1EB1}.Debug|x86.Deploy.0 = Debug|iPhone
		{60CF1B1E-204D-44D7-8D17-2791195B1EB1}.Release|Any CPU.ActiveCfg = Release|iPhone
		{60CF1B1E-204D-44D7-8D17-2791195B1EB1}.Release|Any CPU.Build.0 = Release|iPhone
		{60CF1B1E-204D-44D7-8D17-2791195B1EB1}.Release|Any CPU.Deploy.0 = Release|iPhone
		{60CF1B1E-204D-44D7-8D17-2791195B1EB1}.Release|ARM.ActiveCfg = Release|iPhone
		{60CF1B1E-204D-44D7-8D17-2791195B1EB1}.Release|ARM.Build.0 = Release|iPhone
		{60CF1B1E-204D-44D7-8D17-2791195B1EB1}.Release|ARM.Deploy.0 = Release|iPhone
		{60CF1B1E-204D-44D7-8D17-2791195B1EB1}.Release|iPhone.ActiveCfg = Release|iPhone
		{60CF1B1E-204D-44D7-8D17-2791195B1EB1}.Release|iPhone.Build.0 = Release|iPhone
		{60CF1B1E-204D-44D7-8D17-2791195B1EB1}.Release|iPhone.Deploy.0 = Release|iPhone
		{60CF1B1E-204D-44D7-8D17-2791195B1EB1}.Release|iPhoneSimulator.ActiveCfg = Release|iPhoneSimulator
		{60CF1B1E-204D-44D7-8D17-2791195B1EB1}.Release|iPhoneSimulator.Build.0 = Release|iPhoneSimulator
		{60CF1B1E-204D-44D7-8D17-2791195B1EB1}.Release|iPhoneSimulator.Deploy.0 = Release|iPhoneSimulator
		{60CF1B1E-204D-44D7-8D17-2791195B1EB1}.Release|x64.ActiveCfg = Release|iPhone
		{60CF1B1E-204D-44D7-8D17-2791195B1EB1}.Release|x64.Build.0 = Release|iPhone
		{60CF1B1E-204D-44D7-8D17-2791195B1EB1}.Release|x64.Deploy.0 = Release|iPhone
		{60CF1B1E-204D-44D7-8D17-2791195B1EB1}.Release|x86.ActiveCfg = Release|iPhone
		{60CF1B1E-204D-44D7-8D17-2791195B1EB1}.Release|x86.Build.0 = Release|iPhone
		{60CF1B1E-204D-44D7-8D17-2791195B1EB1}.Release|x86.Deploy.0 = Release|iPhone
		{EFFE808A-94D3-47F0-8ED4-46DBFFD3D616}.Ad-Hoc|Any CPU.ActiveCfg = Release|x86
		{EFFE808A-94D3-47F0-8ED4-46DBFFD3D616}.Ad-Hoc|Any CPU.Build.0 = Release|x86
		{EFFE808A-94D3-47F0-8ED4-46DBFFD3D616}.Ad-Hoc|Any CPU.Deploy.0 = Release|x86
		{EFFE808A-94D3-47F0-8ED4-46DBFFD3D616}.Ad-Hoc|ARM.ActiveCfg = Release|ARM
		{EFFE808A-94D3-47F0-8ED4-46DBFFD3D616}.Ad-Hoc|ARM.Build.0 = Release|ARM
		{EFFE808A-94D3-47F0-8ED4-46DBFFD3D616}.Ad-Hoc|ARM.Deploy.0 = Release|ARM
		{EFFE808A-94D3-47F0-8ED4-46DBFFD3D616}.Ad-Hoc|iPhone.ActiveCfg = Release|x86
		{EFFE808A-94D3-47F0-8ED4-46DBFFD3D616}.Ad-Hoc|iPhone.Build.0 = Release|x86
		{EFFE808A-94D3-47F0-8ED4-46DBFFD3D616}.Ad-Hoc|iPhone.Deploy.0 = Release|x86
		{EFFE808A-94D3-47F0-8ED4-46DBFFD3D616}.Ad-Hoc|iPhoneSimulator.ActiveCfg = Release|x86
		{EFFE808A-94D3-47F0-8ED4-46DBFFD3D616}.Ad-Hoc|iPhoneSimulator.Build.0 = Release|x86
		{EFFE808A-94D3-47F0-8ED4-46DBFFD3D616}.Ad-Hoc|iPhoneSimulator.Deploy.0 = Release|x86
		{EFFE808A-94D3-47F0-8ED4-46DBFFD3D616}.Ad-Hoc|x64.ActiveCfg = Release|x64
		{EFFE808A-94D3-47F0-8ED4-46DBFFD3D616}.Ad-Hoc|x64.Build.0 = Release|x64
		{EFFE808A-94D3-47F0-8ED4-46DBFFD3D616}.Ad-Hoc|x64.Deploy.0 = Release|x64
		{EFFE808A-94D3-47F0-8ED4-46DBFFD3D616}.Ad-Hoc|x86.ActiveCfg = Release|x86
		{EFFE808A-94D3-47F0-8ED4-46DBFFD3D616}.Ad-Hoc|x86.Build.0 = Release|x86
		{EFFE808A-94D3-47F0-8ED4-46DBFFD3D616}.Ad-Hoc|x86.Deploy.0 = Release|x86
		{EFFE808A-94D3-47F0-8ED4-46DBFFD3D616}.AppStore|Any CPU.ActiveCfg = Release|x86
		{EFFE808A-94D3-47F0-8ED4-46DBFFD3D616}.AppStore|Any CPU.Build.0 = Release|x86
		{EFFE808A-94D3-47F0-8ED4-46DBFFD3D616}.AppStore|Any CPU.Deploy.0 = Release|x86
		{EFFE808A-94D3-47F0-8ED4-46DBFFD3D616}.AppStore|ARM.ActiveCfg = Release|ARM
		{EFFE808A-94D3-47F0-8ED4-46DBFFD3D616}.AppStore|ARM.Build.0 = Release|ARM
		{EFFE808A-94D3-47F0-8ED4-46DBFFD3D616}.AppStore|ARM.Deploy.0 = Release|ARM
		{EFFE808A-94D3-47F0-8ED4-46DBFFD3D616}.AppStore|iPhone.ActiveCfg = Release|x86
		{EFFE808A-94D3-47F0-8ED4-46DBFFD3D616}.AppStore|iPhone.Build.0 = Release|x86
		{EFFE808A-94D3-47F0-8ED4-46DBFFD3D616}.AppStore|iPhone.Deploy.0 = Release|x86
		{EFFE808A-94D3-47F0-8ED4-46DBFFD3D616}.AppStore|iPhoneSimulator.ActiveCfg = Release|x86
		{EFFE808A-94D3-47F0-8ED4-46DBFFD3D616}.AppStore|iPhoneSimulator.Build.0 = Release|x86
		{EFFE808A-94D3-47F0-8ED4-46DBFFD3D616}.AppStore|iPhoneSimulator.Deploy.0 = Release|x86
		{EFFE808A-94D3-47F0-8ED4-46DBFFD3D616}.AppStore|x64.ActiveCfg = Release|x64
		{EFFE808A-94D3-47F0-8ED4-46DBFFD3D616}.AppStore|x64.Build.0 = Release|x64
		{EFFE808A-94D3-47F0-8ED4-46DBFFD3D616}.AppStore|x64.Deploy.0 = Release|x64
		{EFFE808A-94D3-47F0-8ED4-46DBFFD3D616}.AppStore|x86.ActiveCfg = Release|x86
		{EFFE808A-94D3-47F0-8ED4-46DBFFD3D616}.AppStore|x86.Build.0 = Release|x86
		{EFFE808A-94D3-47F0-8ED4-46DBFFD3D616}.AppStore|x86.Deploy.0 = Release|x86
		{EFFE808A-94D3-47F0-8ED4-46DBFFD3D616}.Debug|Any CPU.ActiveCfg = Debug|x86
		{EFFE808A-94D3-47F0-8ED4-46DBFFD3D616}.Debug|Any CPU.Build.0 = Debug|x86
		{EFFE808A-94D3-47F0-8ED4-46DBFFD3D616}.Debug|Any CPU.Deploy.0 = Debug|x86
		{EFFE808A-94D3-47F0-8ED4-46DBFFD3D616}.Debug|ARM.ActiveCfg = Debug|ARM
		{EFFE808A-94D3-47F0-8ED4-46DBFFD3D616}.Debug|ARM.Build.0 = Debug|ARM
		{EFFE808A-94D3-47F0-8ED4-46DBFFD3D616}.Debug|ARM.Deploy.0 = Debug|ARM
		{EFFE808A-94D3-47F0-8ED4-46DBFFD3D616}.Debug|iPhone.ActiveCfg = Debug|x86
		{EFFE808A-94D3-47F0-8ED4-46DBFFD3D616}.Debug|iPhone.Build.0 = Debug|x86
		{EFFE808A-94D3-47F0-8ED4-46DBFFD3D616}.Debug|iPhone.Deploy.0 = Debug|x86
		{EFFE808A-94D3-47F0-8ED4-46DBFFD3D616}.Debug|iPhoneSimulator.ActiveCfg = Debug|x86
		{EFFE808A-94D3-47F0-8ED4-46DBFFD3D616}.Debug|iPhoneSimulator.Build.0 = Debug|x86
		{EFFE808A-94D3-47F0-8ED4-46DBFFD3D616}.Debug|iPhoneSimulator.Deploy.0 = Debug|x86
		{EFFE808A-94D3-47F0-8ED4-46DBFFD3D616}.Debug|x64.ActiveCfg = Debug|x64
		{EFFE808A-94D3-47F0-8ED4-46DBFFD3D616}.Debug|x64.Build.0 = Debug|x64
		{EFFE808A-94D3-47F0-8ED4-46DBFFD3D616}.Debug|x64.Deploy.0 = Debug|x64
		{EFFE808A-94D3-47F0-8ED4-46DBFFD3D616}.Debug|x86.ActiveCfg = Debug|x86
		{EFFE808A-94D3-47F0-8ED4-46DBFFD3D616}.Debug|x86.Build.0 = Debug|x86
		{EFFE808A-94D3-47F0-8ED4-46DBFFD3D616}.Debug|x86.Deploy.0 = Debug|x86
		{EFFE808A-94D3-47F0-8ED4-46DBFFD3D616}.Release|Any CPU.ActiveCfg = Release|x86
		{EFFE808A-94D3-47F0-8ED4-46DBFFD3D616}.Release|Any CPU.Build.0 = Release|x86
		{EFFE808A-94D3-47F0-8ED4-46DBFFD3D616}.Release|Any CPU.Deploy.0 = Release|x86
		{EFFE808A-94D3-47F0-8ED4-46DBFFD3D616}.Release|ARM.ActiveCfg = Release|ARM
		{EFFE808A-94D3-47F0-8ED4-46DBFFD3D616}.Release|ARM.Build.0 = Release|ARM
		{EFFE808A-94D3-47F0-8ED4-46DBFFD3D616}.Release|ARM.Deploy.0 = Release|ARM
		{EFFE808A-94D3-47F0-8ED4-46DBFFD3D616}.Release|iPhone.ActiveCfg = Release|x86
		{EFFE808A-94D3-47F0-8ED4-46DBFFD3D616}.Release|iPhone.Build.0 = Release|x86
		{EFFE808A-94D3-47F0-8ED4-46DBFFD3D616}.Release|iPhone.Deploy.0 = Release|x86
		{EFFE808A-94D3-47F0-8ED4-46DBFFD3D616}.Release|iPhoneSimulator.ActiveCfg = Release|x86
		{EFFE808A-94D3-47F0-8ED4-46DBFFD3D616}.Release|iPhoneSimulator.Build.0 = Release|x86
		{EFFE808A-94D3-47F0-8ED4-46DBFFD3D616}.Release|iPhoneSimulator.Deploy.0 = Release|x86
		{EFFE808A-94D3-47F0-8ED4-46DBFFD3D616}.Release|x64.ActiveCfg = Release|x64
		{EFFE808A-94D3-47F0-8ED4-46DBFFD3D616}.Release|x64.Build.0 = Release|x64
		{EFFE808A-94D3-47F0-8ED4-46DBFFD3D616}.Release|x64.Deploy.0 = Release|x64
		{EFFE808A-94D3-47F0-8ED4-46DBFFD3D616}.Release|x86.ActiveCfg = Release|x86
		{EFFE808A-94D3-47F0-8ED4-46DBFFD3D616}.Release|x86.Build.0 = Release|x86
		{EFFE808A-94D3-47F0-8ED4-46DBFFD3D616}.Release|x86.Deploy.0 = Release|x86
		{F14374AC-31DA-41C8-AC9D-FDA289A61AAA}.Ad-Hoc|Any CPU.ActiveCfg = Debug|Any CPU
		{F14374AC-31DA-41C8-AC9D-FDA289A61AAA}.Ad-Hoc|Any CPU.Build.0 = Debug|Any CPU
		{F14374AC-31DA-41C8-AC9D-FDA289A61AAA}.Ad-Hoc|Any CPU.Deploy.0 = Debug|Any CPU
		{F14374AC-31DA-41C8-AC9D-FDA289A61AAA}.Ad-Hoc|ARM.ActiveCfg = Debug|Any CPU
		{F14374AC-31DA-41C8-AC9D-FDA289A61AAA}.Ad-Hoc|ARM.Build.0 = Debug|Any CPU
		{F14374AC-31DA-41C8-AC9D-FDA289A61AAA}.Ad-Hoc|ARM.Deploy.0 = Debug|Any CPU
		{F14374AC-31DA-41C8-AC9D-FDA289A61AAA}.Ad-Hoc|iPhone.ActiveCfg = Debug|Any CPU
		{F14374AC-31DA-41C8-AC9D-FDA289A61AAA}.Ad-Hoc|iPhone.Build.0 = Debug|Any CPU
		{F14374AC-31DA-41C8-AC9D-FDA289A61AAA}.Ad-Hoc|iPhone.Deploy.0 = Debug|Any CPU
		{F14374AC-31DA-41C8-AC9D-FDA289A61AAA}.Ad-Hoc|iPhoneSimulator.ActiveCfg = Debug|Any CPU
		{F14374AC-31DA-41C8-AC9D-FDA289A61AAA}.Ad-Hoc|iPhoneSimulator.Build.0 = Debug|Any CPU
		{F14374AC-31DA-41C8-AC9D-FDA289A61AAA}.Ad-Hoc|iPhoneSimulator.Deploy.0 = Debug|Any CPU
		{F14374AC-31DA-41C8-AC9D-FDA289A61AAA}.Ad-Hoc|x64.ActiveCfg = Debug|Any CPU
		{F14374AC-31DA-41C8-AC9D-FDA289A61AAA}.Ad-Hoc|x64.Build.0 = Debug|Any CPU
		{F14374AC-31DA-41C8-AC9D-FDA289A61AAA}.Ad-Hoc|x64.Deploy.0 = Debug|Any CPU
		{F14374AC-31DA-41C8-AC9D-FDA289A61AAA}.Ad-Hoc|x86.ActiveCfg = Debug|Any CPU
		{F14374AC-31DA-41C8-AC9D-FDA289A61AAA}.Ad-Hoc|x86.Build.0 = Debug|Any CPU
		{F14374AC-31DA-41C8-AC9D-FDA289A61AAA}.Ad-Hoc|x86.Deploy.0 = Debug|Any CPU
		{F14374AC-31DA-41C8-AC9D-FDA289A61AAA}.AppStore|Any CPU.ActiveCfg = Debug|Any CPU
		{F14374AC-31DA-41C8-AC9D-FDA289A61AAA}.AppStore|Any CPU.Build.0 = Debug|Any CPU
		{F14374AC-31DA-41C8-AC9D-FDA289A61AAA}.AppStore|Any CPU.Deploy.0 = Debug|Any CPU
		{F14374AC-31DA-41C8-AC9D-FDA289A61AAA}.AppStore|ARM.ActiveCfg = Debug|Any CPU
		{F14374AC-31DA-41C8-AC9D-FDA289A61AAA}.AppStore|ARM.Build.0 = Debug|Any CPU
		{F14374AC-31DA-41C8-AC9D-FDA289A61AAA}.AppStore|ARM.Deploy.0 = Debug|Any CPU
		{F14374AC-31DA-41C8-AC9D-FDA289A61AAA}.AppStore|iPhone.ActiveCfg = Debug|Any CPU
		{F14374AC-31DA-41C8-AC9D-FDA289A61AAA}.AppStore|iPhone.Build.0 = Debug|Any CPU
		{F14374AC-31DA-41C8-AC9D-FDA289A61AAA}.AppStore|iPhone.Deploy.0 = Debug|Any CPU
		{F14374AC-31DA-41C8-AC9D-FDA289A61AAA}.AppStore|iPhoneSimulator.ActiveCfg = Debug|Any CPU
		{F14374AC-31DA-41C8-AC9D-FDA289A61AAA}.AppStore|iPhoneSimulator.Build.0 = Debug|Any CPU
		{F14374AC-31DA-41C8-AC9D-FDA289A61AAA}.AppStore|iPhoneSimulator.Deploy.0 = Debug|Any CPU
		{F14374AC-31DA-41C8-AC9D-FDA289A61AAA}.AppStore|x64.ActiveCfg = Debug|Any CPU
		{F14374AC-31DA-41C8-AC9D-FDA289A61AAA}.AppStore|x64.Build.0 = Debug|Any CPU
		{F14374AC-31DA-41C8-AC9D-FDA289A61AAA}.AppStore|x64.Deploy.0 = Debug|Any CPU
		{F14374AC-31DA-41C8-AC9D-FDA289A61AAA}.AppStore|x86.ActiveCfg = Debug|Any CPU
		{F14374AC-31DA-41C8-AC9D-FDA289A61AAA}.AppStore|x86.Build.0 = Debug|Any CPU
		{F14374AC-31DA-41C8-AC9D-FDA289A61AAA}.AppStore|x86.Deploy.0 = Debug|Any CPU
		{F14374AC-31DA-41C8-AC9D-FDA289A61AAA}.Debug|Any CPU.ActiveCfg = Debug|Any CPU
		{F14374AC-31DA-41C8-AC9D-FDA289A61AAA}.Debug|Any CPU.Build.0 = Debug|Any CPU
		{F14374AC-31DA-41C8-AC9D-FDA289A61AAA}.Debug|Any CPU.Deploy.0 = Debug|Any CPU
		{F14374AC-31DA-41C8-AC9D-FDA289A61AAA}.Debug|ARM.ActiveCfg = Debug|Any CPU
		{F14374AC-31DA-41C8-AC9D-FDA289A61AAA}.Debug|ARM.Build.0 = Debug|Any CPU
		{F14374AC-31DA-41C8-AC9D-FDA289A61AAA}.Debug|ARM.Deploy.0 = Debug|Any CPU
		{F14374AC-31DA-41C8-AC9D-FDA289A61AAA}.Debug|iPhone.ActiveCfg = Debug|Any CPU
		{F14374AC-31DA-41C8-AC9D-FDA289A61AAA}.Debug|iPhone.Build.0 = Debug|Any CPU
		{F14374AC-31DA-41C8-AC9D-FDA289A61AAA}.Debug|iPhone.Deploy.0 = Debug|Any CPU
		{F14374AC-31DA-41C8-AC9D-FDA289A61AAA}.Debug|iPhoneSimulator.ActiveCfg = Debug|Any CPU
		{F14374AC-31DA-41C8-AC9D-FDA289A61AAA}.Debug|iPhoneSimulator.Build.0 = Debug|Any CPU
		{F14374AC-31DA-41C8-AC9D-FDA289A61AAA}.Debug|iPhoneSimulator.Deploy.0 = Debug|Any CPU
		{F14374AC-31DA-41C8-AC9D-FDA289A61AAA}.Debug|x64.ActiveCfg = Debug|Any CPU
		{F14374AC-31DA-41C8-AC9D-FDA289A61AAA}.Debug|x64.Build.0 = Debug|Any CPU
		{F14374AC-31DA-41C8-AC9D-FDA289A61AAA}.Debug|x64.Deploy.0 = Debug|Any CPU
		{F14374AC-31DA-41C8-AC9D-FDA289A61AAA}.Debug|x86.ActiveCfg = Debug|Any CPU
		{F14374AC-31DA-41C8-AC9D-FDA289A61AAA}.Debug|x86.Build.0 = Debug|Any CPU
		{F14374AC-31DA-41C8-AC9D-FDA289A61AAA}.Debug|x86.Deploy.0 = Debug|Any CPU
		{F14374AC-31DA-41C8-AC9D-FDA289A61AAA}.Release|Any CPU.ActiveCfg = Release|Any CPU
		{F14374AC-31DA-41C8-AC9D-FDA289A61AAA}.Release|Any CPU.Build.0 = Release|Any CPU
		{F14374AC-31DA-41C8-AC9D-FDA289A61AAA}.Release|Any CPU.Deploy.0 = Release|Any CPU
		{F14374AC-31DA-41C8-AC9D-FDA289A61AAA}.Release|ARM.ActiveCfg = Release|Any CPU
		{F14374AC-31DA-41C8-AC9D-FDA289A61AAA}.Release|ARM.Build.0 = Release|Any CPU
		{F14374AC-31DA-41C8-AC9D-FDA289A61AAA}.Release|ARM.Deploy.0 = Release|Any CPU
		{F14374AC-31DA-41C8-AC9D-FDA289A61AAA}.Release|iPhone.ActiveCfg = Release|Any CPU
		{F14374AC-31DA-41C8-AC9D-FDA289A61AAA}.Release|iPhone.Build.0 = Release|Any CPU
		{F14374AC-31DA-41C8-AC9D-FDA289A61AAA}.Release|iPhone.Deploy.0 = Release|Any CPU
		{F14374AC-31DA-41C8-AC9D-FDA289A61AAA}.Release|iPhoneSimulator.ActiveCfg = Release|Any CPU
		{F14374AC-31DA-41C8-AC9D-FDA289A61AAA}.Release|iPhoneSimulator.Build.0 = Release|Any CPU
		{F14374AC-31DA-41C8-AC9D-FDA289A61AAA}.Release|iPhoneSimulator.Deploy.0 = Release|Any CPU
		{F14374AC-31DA-41C8-AC9D-FDA289A61AAA}.Release|x64.ActiveCfg = Release|Any CPU
		{F14374AC-31DA-41C8-AC9D-FDA289A61AAA}.Release|x64.Build.0 = Release|Any CPU
		{F14374AC-31DA-41C8-AC9D-FDA289A61AAA}.Release|x64.Deploy.0 = Release|Any CPU
		{F14374AC-31DA-41C8-AC9D-FDA289A61AAA}.Release|x86.ActiveCfg = Release|Any CPU
		{F14374AC-31DA-41C8-AC9D-FDA289A61AAA}.Release|x86.Build.0 = Release|Any CPU
		{F14374AC-31DA-41C8-AC9D-FDA289A61AAA}.Release|x86.Deploy.0 = Release|Any CPU
	EndGlobalSection
	GlobalSection(SolutionProperties) = preSolution
		HideSolutionNode = FALSE
	EndGlobalSection
	GlobalSection(ExtensibilityGlobals) = postSolution
		SolutionGuid = {FE5EBD23-E340-4553-A6BA-95363D2C715E}
	EndGlobalSection
EndGlobal
