
Microsoft Visual Studio Solution File, Format Version 12.00
# Visual Studio 15
VisualStudioVersion = 15.0.28307.572
MinimumVisualStudioVersion = 10.0.40219.1
Project("{FAE04EC0-301F-11D3-BF4B-00C04F79EFBC}") = "AutobusesSese", "AutobusesSese\AutobusesSese.csproj", "{A454A543-172B-408F-A25F-683BB3D1A0E3}"
EndProject
Global
	GlobalSection(SolutionConfigurationPlatforms) = preSolution
		Debug|Any CPU = Debug|Any CPU
		Release|Any CPU = Release|Any CPU
	EndGlobalSection
	GlobalSection(ProjectConfigurationPlatforms) = postSolution
		{A454A543-172B-408F-A25F-683BB3D1A0E3}.Debug|Any CPU.ActiveCfg = Debug|Any CPU
		{A454A543-172B-408F-A25F-683BB3D1A0E3}.Debug|Any CPU.Build.0 = Debug|Any CPU
		{A454A543-172B-408F-A25F-683BB3D1A0E3}.Release|Any CPU.ActiveCfg = Release|Any CPU
		{A454A543-172B-408F-A25F-683BB3D1A0E3}.Release|Any CPU.Build.0 = Release|Any CPU
	EndGlobalSection
	GlobalSection(SolutionProperties) = preSolution
		HideSolutionNode = FALSE
	EndGlobalSection
	GlobalSection(ExtensibilityGlobals) = postSolution
		SolutionGuid = {757E64C1-F2E3-4009-8259-ADC2BB92ABA0}
	EndGlobalSection
EndGlobal
